
Microsoft Visual Studio Solution File, Format Version 12.00
# Visual Studio Version 17
VisualStudioVersion = 17.13.35931.197 d17.13
MinimumVisualStudioVersion = 10.0.40219.1
Project("{FAE04EC0-301F-11D3-BF4B-00C04F79EFBC}") = "BaseAlertSystem", "BaseAlertSystem.csproj", "{E6EA65F6-8F04-4C10-B0C8-98C4DCD0CC50}"
EndProject
Global
	GlobalSection(SolutionConfigurationPlatforms) = preSolution
		Debug|Any CPU = Debug|Any CPU
		Release|Any CPU = Release|Any CPU
	EndGlobalSection
	GlobalSection(ProjectConfigurationPlatforms) = postSolution
		{E6EA65F6-8F04-4C10-B0C8-98C4DCD0CC50}.Debug|Any CPU.ActiveCfg = Debug|Any CPU
		{E6EA65F6-8F04-4C10-B0C8-98C4DCD0CC50}.Debug|Any CPU.Build.0 = Debug|Any CPU
		{E6EA65F6-8F04-4C10-B0C8-98C4DCD0CC50}.Release|Any CPU.ActiveCfg = Release|Any CPU
		{E6EA65F6-8F04-4C10-B0C8-98C4DCD0CC50}.Release|Any CPU.Build.0 = Release|Any CPU
	EndGlobalSection
	GlobalSection(SolutionProperties) = preSolution
		HideSolutionNode = FALSE
	EndGlobalSection
	GlobalSection(ExtensibilityGlobals) = postSolution
		SolutionGuid = {D1E9A33A-51AB-49FF-B4FE-865D97FCA430}
	EndGlobalSection
EndGlobal
